
Microsoft Visual Studio Solution File, Format Version 12.00
# Visual Studio 15
VisualStudioVersion = 15.0.28010.2046
MinimumVisualStudioVersion = 10.0.40219.1
Project("{8BC9CEB8-8B4A-11D0-8D11-00A0C91BC942}") = "MultiBrodcast", "MultiBrodcast\MultiBrodcast.vcxproj", "{ACFED246-3883-44C2-8C19-C3BC42A122BC}"
EndProject
Global
	GlobalSection(SolutionConfigurationPlatforms) = preSolution
		Debug|x64 = Debug|x64
		Debug|x86 = Debug|x86
		Release|x64 = Release|x64
		Release|x86 = Release|x86
	EndGlobalSection
	GlobalSection(ProjectConfigurationPlatforms) = postSolution
		{ACFED246-3883-44C2-8C19-C3BC42A122BC}.Debug|x64.ActiveCfg = Debug|x64
		{ACFED246-3883-44C2-8C19-C3BC42A122BC}.Debug|x64.Build.0 = Debug|x64
		{ACFED246-3883-44C2-8C19-C3BC42A122BC}.Debug|x86.ActiveCfg = Debug|Win32
		{ACFED246-3883-44C2-8C19-C3BC42A122BC}.Debug|x86.Build.0 = Debug|Win32
		{ACFED246-3883-44C2-8C19-C3BC42A122BC}.Release|x64.ActiveCfg = Release|x64
		{ACFED246-3883-44C2-8C19-C3BC42A122BC}.Release|x64.Build.0 = Release|x64
		{ACFED246-3883-44C2-8C19-C3BC42A122BC}.Release|x86.ActiveCfg = Release|Win32
		{ACFED246-3883-44C2-8C19-C3BC42A122BC}.Release|x86.Build.0 = Release|Win32
	EndGlobalSection
	GlobalSection(SolutionProperties) = preSolution
		HideSolutionNode = FALSE
	EndGlobalSection
	GlobalSection(ExtensibilityGlobals) = postSolution
		SolutionGuid = {2AA34B65-C8EB-4983-A380-C68131EF0DB9}
	EndGlobalSection
EndGlobal
